
Microsoft Visual Studio Solution File, Format Version 12.00
# Visual Studio Version 17
VisualStudioVersion = 17.0.31903.59
MinimumVisualStudioVersion = 10.0.40219.1
Project("{2150E333-8FDC-42A3-9474-1A3956D46DE8}") = "src", "src", "{827E0CD3-B72D-47B6-A68D-7590B98EB39B}"
EndProject
Project("{FAE04EC0-301F-11D3-BF4B-00C04F79EFBC}") = "OrderFlow.Api", "src\OrderFlow.Api\OrderFlow.Api.csproj", "{996C1019-2687-466A-A8F4-5B3C2E3A2C27}"
EndProject
Project("{FAE04EC0-301F-11D3-BF4B-00C04F79EFBC}") = "OrderFlow.Application", "src\OrderFlow.Application\OrderFlow.Application.csproj", "{EC95CFF7-C8FC-4210-A94F-6D34AA12BB3F}"
EndProject
Project("{FAE04EC0-301F-11D3-BF4B-00C04F79EFBC}") = "OrderFlow.Contracts", "src\OrderFlow.Contracts\OrderFlow.Contracts.csproj", "{B4BEF586-3AC9-4EE9-8AC6-76777367BCDA}"
EndProject
Project("{FAE04EC0-301F-11D3-BF4B-00C04F79EFBC}") = "OrderFlow.Domain", "src\OrderFlow.Domain\OrderFlow.Domain.csproj", "{975A338C-9A4C-4A84-8C43-A959840022F6}"
EndProject
Project("{FAE04EC0-301F-11D3-BF4B-00C04F79EFBC}") = "OrderFlow.Infrastructure", "src\OrderFlow.Infrastructure\OrderFlow.Infrastructure.csproj", "{4DAB13F0-92C1-47A6-87A9-A3C82737F374}"
EndProject
Project("{FAE04EC0-301F-11D3-BF4B-00C04F79EFBC}") = "OrderFlow.Web", "src\OrderFlow.Web\OrderFlow.Web.csproj", "{F192ECBA-C0E6-45EE-B0A3-54BE536F4CD0}"
EndProject
Project("{FAE04EC0-301F-11D3-BF4B-00C04F79EFBC}") = "OrderFlow.Worker", "src\OrderFlow.Worker\OrderFlow.Worker.csproj", "{F89EFD1A-DB63-4135-9EB3-DA0F7877B992}"
EndProject
Project("{FAE04EC0-301F-11D3-BF4B-00C04F79EFBC}") = "OrderFlow.IntegrationTests", "tests\OrderFlow.IntegrationTests\OrderFlow.IntegrationTests.csproj", "{790B4D41-473A-4BB0-8B07-728834E1CA4D}"
EndProject
Project("{FAE04EC0-301F-11D3-BF4B-00C04F79EFBC}") = "OrderFlow.UnitTests", "tests\OrderFlow.UnitTests\OrderFlow.UnitTests.csproj", "{BCCB666F-E4A3-4EE3-983F-4491DA3AA416}"
EndProject
Global
	GlobalSection(SolutionConfigurationPlatforms) = preSolution
		Debug|Any CPU = Debug|Any CPU
		Debug|x64 = Debug|x64
		Debug|x86 = Debug|x86
		Release|Any CPU = Release|Any CPU
		Release|x64 = Release|x64
		Release|x86 = Release|x86
	EndGlobalSection
	GlobalSection(ProjectConfigurationPlatforms) = postSolution
		{996C1019-2687-466A-A8F4-5B3C2E3A2C27}.Debug|Any CPU.ActiveCfg = Debug|Any CPU
		{996C1019-2687-466A-A8F4-5B3C2E3A2C27}.Debug|Any CPU.Build.0 = Debug|Any CPU
		{996C1019-2687-466A-A8F4-5B3C2E3A2C27}.Debug|x64.ActiveCfg = Debug|Any CPU
		{996C1019-2687-466A-A8F4-5B3C2E3A2C27}.Debug|x64.Build.0 = Debug|Any CPU
		{996C1019-2687-466A-A8F4-5B3C2E3A2C27}.Debug|x86.ActiveCfg = Debug|Any CPU
		{996C1019-2687-466A-A8F4-5B3C2E3A2C27}.Debug|x86.Build.0 = Debug|Any CPU
		{996C1019-2687-466A-A8F4-5B3C2E3A2C27}.Release|Any CPU.ActiveCfg = Release|Any CPU
		{996C1019-2687-466A-A8F4-5B3C2E3A2C27}.Release|Any CPU.Build.0 = Release|Any CPU
		{996C1019-2687-466A-A8F4-5B3C2E3A2C27}.Release|x64.ActiveCfg = Release|Any CPU
		{996C1019-2687-466A-A8F4-5B3C2E3A2C27}.Release|x64.Build.0 = Release|Any CPU
		{996C1019-2687-466A-A8F4-5B3C2E3A2C27}.Release|x86.ActiveCfg = Release|Any CPU
		{996C1019-2687-466A-A8F4-5B3C2E3A2C27}.Release|x86.Build.0 = Release|Any CPU
		{EC95CFF7-C8FC-4210-A94F-6D34AA12BB3F}.Debug|Any CPU.ActiveCfg = Debug|Any CPU
		{EC95CFF7-C8FC-4210-A94F-6D34AA12BB3F}.Debug|Any CPU.Build.0 = Debug|Any CPU
		{EC95CFF7-C8FC-4210-A94F-6D34AA12BB3F}.Debug|x64.ActiveCfg = Debug|Any CPU
		{EC95CFF7-C8FC-4210-A94F-6D34AA12BB3F}.Debug|x64.Build.0 = Debug|Any CPU
		{EC95CFF7-C8FC-4210-A94F-6D34AA12BB3F}.Debug|x86.ActiveCfg = Debug|Any CPU
		{EC95CFF7-C8FC-4210-A94F-6D34AA12BB3F}.Debug|x86.Build.0 = Debug|Any CPU
		{EC95CFF7-C8FC-4210-A94F-6D34AA12BB3F}.Release|Any CPU.ActiveCfg = Release|Any CPU
		{EC95CFF7-C8FC-4210-A94F-6D34AA12BB3F}.Release|Any CPU.Build.0 = Release|Any CPU
		{EC95CFF7-C8FC-4210-A94F-6D34AA12BB3F}.Release|x64.ActiveCfg = Release|Any CPU
		{EC95CFF7-C8FC-4210-A94F-6D34AA12BB3F}.Release|x64.Build.0 = Release|Any CPU
		{EC95CFF7-C8FC-4210-A94F-6D34AA12BB3F}.Release|x86.ActiveCfg = Release|Any CPU
		{EC95CFF7-C8FC-4210-A94F-6D34AA12BB3F}.Release|x86.Build.0 = Release|Any CPU
		{B4BEF586-3AC9-4EE9-8AC6-76777367BCDA}.Debug|Any CPU.ActiveCfg = Debug|Any CPU
		{B4BEF586-3AC9-4EE9-8AC6-76777367BCDA}.Debug|Any CPU.Build.0 = Debug|Any CPU
		{B4BEF586-3AC9-4EE9-8AC6-76777367BCDA}.Debug|x64.ActiveCfg = Debug|Any CPU
		{B4BEF586-3AC9-4EE9-8AC6-76777367BCDA}.Debug|x64.Build.0 = Debug|Any CPU
		{B4BEF586-3AC9-4EE9-8AC6-76777367BCDA}.Debug|x86.ActiveCfg = Debug|Any CPU
		{B4BEF586-3AC9-4EE9-8AC6-76777367BCDA}.Debug|x86.Build.0 = Debug|Any CPU
		{B4BEF586-3AC9-4EE9-8AC6-76777367BCDA}.Release|Any CPU.ActiveCfg = Release|Any CPU
		{B4BEF586-3AC9-4EE9-8AC6-76777367BCDA}.Release|Any CPU.Build.0 = Release|Any CPU
		{B4BEF586-3AC9-4EE9-8AC6-76777367BCDA}.Release|x64.ActiveCfg = Release|Any CPU
		{B4BEF586-3AC9-4EE9-8AC6-76777367BCDA}.Release|x64.Build.0 = Release|Any CPU
		{B4BEF586-3AC9-4EE9-8AC6-76777367BCDA}.Release|x86.ActiveCfg = Release|Any CPU
		{B4BEF586-3AC9-4EE9-8AC6-76777367BCDA}.Release|x86.Build.0 = Release|Any CPU
		{975A338C-9A4C-4A84-8C43-A959840022F6}.Debug|Any CPU.ActiveCfg = Debug|Any CPU
		{975A338C-9A4C-4A84-8C43-A959840022F6}.Debug|Any CPU.Build.0 = Debug|Any CPU
		{975A338C-9A4C-4A84-8C43-A959840022F6}.Debug|x64.ActiveCfg = Debug|Any CPU
		{975A338C-9A4C-4A84-8C43-A959840022F6}.Debug|x64.Build.0 = Debug|Any CPU
		{975A338C-9A4C-4A84-8C43-A959840022F6}.Debug|x86.ActiveCfg = Debug|Any CPU
		{975A338C-9A4C-4A84-8C43-A959840022F6}.Debug|x86.Build.0 = Debug|Any CPU
		{975A338C-9A4C-4A84-8C43-A959840022F6}.Release|Any CPU.ActiveCfg = Release|Any CPU
		{975A338C-9A4C-4A84-8C43-A959840022F6}.Release|Any CPU.Build.0 = Release|Any CPU
		{975A338C-9A4C-4A84-8C43-A959840022F6}.Release|x64.ActiveCfg = Release|Any CPU
		{975A338C-9A4C-4A84-8C43-A959840022F6}.Release|x64.Build.0 = Release|Any CPU
		{975A338C-9A4C-4A84-8C43-A959840022F6}.Release|x86.ActiveCfg = Release|Any CPU
		{975A338C-9A4C-4A84-8C43-A959840022F6}.Release|x86.Build.0 = Release|Any CPU
		{4DAB13F0-92C1-47A6-87A9-A3C82737F374}.Debug|Any CPU.ActiveCfg = Debug|Any CPU
		{4DAB13F0-92C1-47A6-87A9-A3C82737F374}.Debug|Any CPU.Build.0 = Debug|Any CPU
		{4DAB13F0-92C1-47A6-87A9-A3C82737F374}.Debug|x64.ActiveCfg = Debug|Any CPU
		{4DAB13F0-92C1-47A6-87A9-A3C82737F374}.Debug|x64.Build.0 = Debug|Any CPU
		{4DAB13F0-92C1-47A6-87A9-A3C82737F374}.Debug|x86.ActiveCfg = Debug|Any CPU
		{4DAB13F0-92C1-47A6-87A9-A3C82737F374}.Debug|x86.Build.0 = Debug|Any CPU
		{4DAB13F0-92C1-47A6-87A9-A3C82737F374}.Release|Any CPU.ActiveCfg = Release|Any CPU
		{4DAB13F0-92C1-47A6-87A9-A3C82737F374}.Release|Any CPU.Build.0 = Release|Any CPU
		{4DAB13F0-92C1-47A6-87A9-A3C82737F374}.Release|x64.ActiveCfg = Release|Any CPU
		{4DAB13F0-92C1-47A6-87A9-A3C82737F374}.Release|x64.Build.0 = Release|Any CPU
		{4DAB13F0-92C1-47A6-87A9-A3C82737F374}.Release|x86.ActiveCfg = Release|Any CPU
		{4DAB13F0-92C1-47A6-87A9-A3C82737F374}.Release|x86.Build.0 = Release|Any CPU
		{F192ECBA-C0E6-45EE-B0A3-54BE536F4CD0}.Debug|Any CPU.ActiveCfg = Debug|Any CPU
		{F192ECBA-C0E6-45EE-B0A3-54BE536F4CD0}.Debug|Any CPU.Build.0 = Debug|Any CPU
		{F192ECBA-C0E6-45EE-B0A3-54BE536F4CD0}.Debug|x64.ActiveCfg = Debug|Any CPU
		{F192ECBA-C0E6-45EE-B0A3-54BE536F4CD0}.Debug|x64.Build.0 = Debug|Any CPU
		{F192ECBA-C0E6-45EE-B0A3-54BE536F4CD0}.Debug|x86.ActiveCfg = Debug|Any CPU
		{F192ECBA-C0E6-45EE-B0A3-54BE536F4CD0}.Debug|x86.Build.0 = Debug|Any CPU
		{F192ECBA-C0E6-45EE-B0A3-54BE536F4CD0}.Release|Any CPU.ActiveCfg = Release|Any CPU
		{F192ECBA-C0E6-45EE-B0A3-54BE536F4CD0}.Release|Any CPU.Build.0 = Release|Any CPU
		{F192ECBA-C0E6-45EE-B0A3-54BE536F4CD0}.Release|x64.ActiveCfg = Release|Any CPU
		{F192ECBA-C0E6-45EE-B0A3-54BE536F4CD0}.Release|x64.Build.0 = Release|Any CPU
		{F192ECBA-C0E6-45EE-B0A3-54BE536F4CD0}.Release|x86.ActiveCfg = Release|Any CPU
		{F192ECBA-C0E6-45EE-B0A3-54BE536F4CD0}.Release|x86.Build.0 = Release|Any CPU
		{F89EFD1A-DB63-4135-9EB3-DA0F7877B992}.Debug|Any CPU.ActiveCfg = Debug|Any CPU
		{F89EFD1A-DB63-4135-9EB3-DA0F7877B992}.Debug|Any CPU.Build.0 = Debug|Any CPU
		{F89EFD1A-DB63-4135-9EB3-DA0F7877B992}.Debug|x64.ActiveCfg = Debug|Any CPU
		{F89EFD1A-DB63-4135-9EB3-DA0F7877B992}.Debug|x64.Build.0 = Debug|Any CPU
		{F89EFD1A-DB63-4135-9EB3-DA0F7877B992}.Debug|x86.ActiveCfg = Debug|Any CPU
		{F89EFD1A-DB63-4135-9EB3-DA0F7877B992}.Debug|x86.Build.0 = Debug|Any CPU
		{F89EFD1A-DB63-4135-9EB3-DA0F7877B992}.Release|Any CPU.ActiveCfg = Release|Any CPU
		{F89EFD1A-DB63-4135-9EB3-DA0F7877B992}.Release|Any CPU.Build.0 = Release|Any CPU
		{F89EFD1A-DB63-4135-9EB3-DA0F7877B992}.Release|x64.ActiveCfg = Release|Any CPU
		{F89EFD1A-DB63-4135-9EB3-DA0F7877B992}.Release|x64.Build.0 = Release|Any CPU
		{F89EFD1A-DB63-4135-9EB3-DA0F7877B992}.Release|x86.ActiveCfg = Release|Any CPU
		{F89EFD1A-DB63-4135-9EB3-DA0F7877B992}.Release|x86.Build.0 = Release|Any CPU
		{790B4D41-473A-4BB0-8B07-728834E1CA4D}.Debug|Any CPU.ActiveCfg = Debug|Any CPU
		{790B4D41-473A-4BB0-8B07-728834E1CA4D}.Debug|Any CPU.Build.0 = Debug|Any CPU
		{790B4D41-473A-4BB0-8B07-728834E1CA4D}.Debug|x64.ActiveCfg = Debug|Any CPU
		{790B4D41-473A-4BB0-8B07-728834E1CA4D}.Debug|x64.Build.0 = Debug|Any CPU
		{790B4D41-473A-4BB0-8B07-728834E1CA4D}.Debug|x86.ActiveCfg = Debug|Any CPU
		{790B4D41-473A-4BB0-8B07-728834E1CA4D}.Debug|x86.Build.0 = Debug|Any CPU
		{790B4D41-473A-4BB0-8B07-728834E1CA4D}.Release|Any CPU.ActiveCfg = Release|Any CPU
		{790B4D41-473A-4BB0-8B07-728834E1CA4D}.Release|Any CPU.Build.0 = Release|Any CPU
		{790B4D41-473A-4BB0-8B07-728834E1CA4D}.Release|x64.ActiveCfg = Release|Any CPU
		{790B4D41-473A-4BB0-8B07-728834E1CA4D}.Release|x64.Build.0 = Release|Any CPU
		{790B4D41-473A-4BB0-8B07-728834E1CA4D}.Release|x86.ActiveCfg = Release|Any CPU
		{790B4D41-473A-4BB0-8B07-728834E1CA4D}.Release|x86.Build.0 = Release|Any CPU
		{BCCB666F-E4A3-4EE3-983F-4491DA3AA416}.Debug|Any CPU.ActiveCfg = Debug|Any CPU
		{BCCB666F-E4A3-4EE3-983F-4491DA3AA416}.Debug|Any CPU.Build.0 = Debug|Any CPU
		{BCCB666F-E4A3-4EE3-983F-4491DA3AA416}.Debug|x64.ActiveCfg = Debug|Any CPU
		{BCCB666F-E4A3-4EE3-983F-4491DA3AA416}.Debug|x64.Build.0 = Debug|Any CPU
		{BCCB666F-E4A3-4EE3-983F-4491DA3AA416}.Debug|x86.ActiveCfg = Debug|Any CPU
		{BCCB666F-E4A3-4EE3-983F-4491DA3AA416}.Debug|x86.Build.0 = Debug|Any CPU
		{BCCB666F-E4A3-4EE3-983F-4491DA3AA416}.Release|Any CPU.ActiveCfg = Release|Any CPU
		{BCCB666F-E4A3-4EE3-983F-4491DA3AA416}.Release|Any CPU.Build.0 = Release|Any CPU
		{BCCB666F-E4A3-4EE3-983F-4491DA3AA416}.Release|x64.ActiveCfg = Release|Any CPU
		{BCCB666F-E4A3-4EE3-983F-4491DA3AA416}.Release|x64.Build.0 = Release|Any CPU
		{BCCB666F-E4A3-4EE3-983F-4491DA3AA416}.Release|x86.ActiveCfg = Release|Any CPU
		{BCCB666F-E4A3-4EE3-983F-4491DA3AA416}.Release|x86.Build.0 = Release|Any CPU
	EndGlobalSection
	GlobalSection(SolutionProperties) = preSolution
		HideSolutionNode = FALSE
	EndGlobalSection
	GlobalSection(NestedProjects) = preSolution
		{996C1019-2687-466A-A8F4-5B3C2E3A2C27} = {827E0CD3-B72D-47B6-A68D-7590B98EB39B}
		{EC95CFF7-C8FC-4210-A94F-6D34AA12BB3F} = {827E0CD3-B72D-47B6-A68D-7590B98EB39B}
		{B4BEF586-3AC9-4EE9-8AC6-76777367BCDA} = {827E0CD3-B72D-47B6-A68D-7590B98EB39B}
		{975A338C-9A4C-4A84-8C43-A959840022F6} = {827E0CD3-B72D-47B6-A68D-7590B98EB39B}
		{4DAB13F0-92C1-47A6-87A9-A3C82737F374} = {827E0CD3-B72D-47B6-A68D-7590B98EB39B}
		{F192ECBA-C0E6-45EE-B0A3-54BE536F4CD0} = {827E0CD3-B72D-47B6-A68D-7590B98EB39B}
		{F89EFD1A-DB63-4135-9EB3-DA0F7877B992} = {827E0CD3-B72D-47B6-A68D-7590B98EB39B}
		{790B4D41-473A-4BB0-8B07-728834E1CA4D} = {827E0CD3-B72D-47B6-A68D-7590B98EB39B}
		{BCCB666F-E4A3-4EE3-983F-4491DA3AA416} = {827E0CD3-B72D-47B6-A68D-7590B98EB39B}
	EndGlobalSection
EndGlobal
